
Microsoft Visual Studio Solution File, Format Version 12.00
# Visual Studio 15
VisualStudioVersion = 15.0.26730.16
MinimumVisualStudioVersion = 10.0.40219.1
Project("{FAE04EC0-301F-11D3-BF4B-00C04F79EFBC}") = "StarMap", "StarMap\StarMap.csproj", "{D90BCB2E-D38B-4399-97C2-F5252BF8D907}"
EndProject
Project("{FAE04EC0-301F-11D3-BF4B-00C04F79EFBC}") = "Andromeda.Canvas", "..\Andromeda.Canvas\Andromeda.Canvas.csproj", "{71F74A0A-A1FA-44BA-8FA8-A3CA7CE41CDC}"
EndProject
Project("{FAE04EC0-301F-11D3-BF4B-00C04F79EFBC}") = "Andromeda", "..\..\VorliasEngine2Dcs\Andromeda.csproj", "{6DBC821E-99E4-4735-8222-F5F3601E04CE}"
EndProject
Global
	GlobalSection(SolutionConfigurationPlatforms) = preSolution
		Debug|Any CPU = Debug|Any CPU
		Release|Any CPU = Release|Any CPU
	EndGlobalSection
	GlobalSection(ProjectConfigurationPlatforms) = postSolution
		{D90BCB2E-D38B-4399-97C2-F5252BF8D907}.Debug|Any CPU.ActiveCfg = Debug|Any CPU
		{D90BCB2E-D38B-4399-97C2-F5252BF8D907}.Debug|Any CPU.Build.0 = Debug|Any CPU
		{D90BCB2E-D38B-4399-97C2-F5252BF8D907}.Release|Any CPU.ActiveCfg = Release|Any CPU
		{D90BCB2E-D38B-4399-97C2-F5252BF8D907}.Release|Any CPU.Build.0 = Release|Any CPU
		{71F74A0A-A1FA-44BA-8FA8-A3CA7CE41CDC}.Debug|Any CPU.ActiveCfg = Debug|Any CPU
		{71F74A0A-A1FA-44BA-8FA8-A3CA7CE41CDC}.Debug|Any CPU.Build.0 = Debug|Any CPU
		{71F74A0A-A1FA-44BA-8FA8-A3CA7CE41CDC}.Release|Any CPU.ActiveCfg = Release|Any CPU
		{71F74A0A-A1FA-44BA-8FA8-A3CA7CE41CDC}.Release|Any CPU.Build.0 = Release|Any CPU
		{6DBC821E-99E4-4735-8222-F5F3601E04CE}.Debug|Any CPU.ActiveCfg = Debug|Any CPU
		{6DBC821E-99E4-4735-8222-F5F3601E04CE}.Debug|Any CPU.Build.0 = Debug|Any CPU
		{6DBC821E-99E4-4735-8222-F5F3601E04CE}.Release|Any CPU.ActiveCfg = Release|Any CPU
		{6DBC821E-99E4-4735-8222-F5F3601E04CE}.Release|Any CPU.Build.0 = Release|Any CPU
	EndGlobalSection
	GlobalSection(SolutionProperties) = preSolution
		HideSolutionNode = FALSE
	EndGlobalSection
	GlobalSection(ExtensibilityGlobals) = postSolution
		SolutionGuid = {B75B60CA-441D-4E51-A522-CD5FF9D2823F}
	EndGlobalSection
EndGlobal
